
Microsoft Visual Studio Solution File, Format Version 12.00
# Visual Studio Version 17
VisualStudioVersion = 17.6.33815.320
MinimumVisualStudioVersion = 10.0.40219.1
Project("{FAE04EC0-301F-11D3-BF4B-00C04F79EFBC}") = "feladat", "feladat\feladat.csproj", "{E236498A-D229-4F7C-B8C5-A837D70C8C1C}"
EndProject
Global
	GlobalSection(SolutionConfigurationPlatforms) = preSolution
		Debug|Any CPU = Debug|Any CPU
		Release|Any CPU = Release|Any CPU
	EndGlobalSection
	GlobalSection(ProjectConfigurationPlatforms) = postSolution
		{E236498A-D229-4F7C-B8C5-A837D70C8C1C}.Debug|Any CPU.ActiveCfg = Debug|Any CPU
		{E236498A-D229-4F7C-B8C5-A837D70C8C1C}.Debug|Any CPU.Build.0 = Debug|Any CPU
		{E236498A-D229-4F7C-B8C5-A837D70C8C1C}.Release|Any CPU.ActiveCfg = Release|Any CPU
		{E236498A-D229-4F7C-B8C5-A837D70C8C1C}.Release|Any CPU.Build.0 = Release|Any CPU
	EndGlobalSection
	GlobalSection(SolutionProperties) = preSolution
		HideSolutionNode = FALSE
	EndGlobalSection
	GlobalSection(ExtensibilityGlobals) = postSolution
		SolutionGuid = {D078994F-7AC7-465C-B080-2DB9FE4DE6C9}
	EndGlobalSection
EndGlobal
